
Microsoft Visual Studio Solution File, Format Version 12.00
# Visual Studio Version 16
VisualStudioVersion = 16.0.31019.35
MinimumVisualStudioVersion = 10.0.40219.1
Project("{9A19103F-16F7-4668-BE54-9A1E7A4F7556}") = "Presentation.WebBlazor", "Presentation.WebBlazor\Presentation.WebBlazor.csproj", "{312E5013-DB8B-4FC0-983A-D2058FF70DB4}"
EndProject
Project("{2150E333-8FDC-42A3-9474-1A3956D46DE8}") = "src", "src", "{6B57EDF5-82FE-498E-A051-2DD529582BF3}"
EndProject
Project("{FAE04EC0-301F-11D3-BF4B-00C04F79EFBC}") = "Application", "Application\Application.csproj", "{0570CE3B-A405-49B3-B467-285D7FBB0896}"
EndProject
Project("{FAE04EC0-301F-11D3-BF4B-00C04F79EFBC}") = "Domain", "Domain\Domain.csproj", "{BB1BF238-33CB-44E7-ACBA-1A06FCEE6A9C}"
EndProject
Project("{FAE04EC0-301F-11D3-BF4B-00C04F79EFBC}") = "Interfaces", "Interfaces\Interfaces.csproj", "{466747F4-33BE-4777-9139-33FA4794B1B3}"
EndProject
Project("{9A19103F-16F7-4668-BE54-9A1E7A4F7556}") = "Infrastructure", "Infrastructure\Infrastructure.csproj", "{C508144D-790D-4FB4-971C-8F90647EA0BA}"
EndProject
Project("{2150E333-8FDC-42A3-9474-1A3956D46DE8}") = "MyDocumentation", "MyDocumentation", "{25DA73EB-FA5E-46F8-917E-D3874DA60506}"
	ProjectSection(SolutionItems) = preProject
		Notes.txt = Notes.txt
		ReadMe.txt = ReadMe.txt
		ToDo.txt = ToDo.txt
	EndProjectSection
EndProject
Project("{FAE04EC0-301F-11D3-BF4B-00C04F79EFBC}") = "GlobalStringsReadOnly", "GlobalStringsReadOnly\GlobalStringsReadOnly.csproj", "{EA2FA6F4-47E3-4518-A10E-E4194B93B555}"
EndProject
Project("{FAE04EC0-301F-11D3-BF4B-00C04F79EFBC}") = "Models", "Models\Models.csproj", "{C960434B-330B-4E99-B69A-96FD755394A9}"
EndProject
Global
	GlobalSection(SolutionConfigurationPlatforms) = preSolution
		Debug|Any CPU = Debug|Any CPU
		Release|Any CPU = Release|Any CPU
	EndGlobalSection
	GlobalSection(ProjectConfigurationPlatforms) = postSolution
		{312E5013-DB8B-4FC0-983A-D2058FF70DB4}.Debug|Any CPU.ActiveCfg = Debug|Any CPU
		{312E5013-DB8B-4FC0-983A-D2058FF70DB4}.Debug|Any CPU.Build.0 = Debug|Any CPU
		{312E5013-DB8B-4FC0-983A-D2058FF70DB4}.Release|Any CPU.ActiveCfg = Release|Any CPU
		{312E5013-DB8B-4FC0-983A-D2058FF70DB4}.Release|Any CPU.Build.0 = Release|Any CPU
		{0570CE3B-A405-49B3-B467-285D7FBB0896}.Debug|Any CPU.ActiveCfg = Debug|Any CPU
		{0570CE3B-A405-49B3-B467-285D7FBB0896}.Debug|Any CPU.Build.0 = Debug|Any CPU
		{0570CE3B-A405-49B3-B467-285D7FBB0896}.Release|Any CPU.ActiveCfg = Release|Any CPU
		{0570CE3B-A405-49B3-B467-285D7FBB0896}.Release|Any CPU.Build.0 = Release|Any CPU
		{BB1BF238-33CB-44E7-ACBA-1A06FCEE6A9C}.Debug|Any CPU.ActiveCfg = Debug|Any CPU
		{BB1BF238-33CB-44E7-ACBA-1A06FCEE6A9C}.Debug|Any CPU.Build.0 = Debug|Any CPU
		{BB1BF238-33CB-44E7-ACBA-1A06FCEE6A9C}.Release|Any CPU.ActiveCfg = Release|Any CPU
		{BB1BF238-33CB-44E7-ACBA-1A06FCEE6A9C}.Release|Any CPU.Build.0 = Release|Any CPU
		{466747F4-33BE-4777-9139-33FA4794B1B3}.Debug|Any CPU.ActiveCfg = Debug|Any CPU
		{466747F4-33BE-4777-9139-33FA4794B1B3}.Debug|Any CPU.Build.0 = Debug|Any CPU
		{466747F4-33BE-4777-9139-33FA4794B1B3}.Release|Any CPU.ActiveCfg = Release|Any CPU
		{466747F4-33BE-4777-9139-33FA4794B1B3}.Release|Any CPU.Build.0 = Release|Any CPU
		{C508144D-790D-4FB4-971C-8F90647EA0BA}.Debug|Any CPU.ActiveCfg = Debug|Any CPU
		{C508144D-790D-4FB4-971C-8F90647EA0BA}.Debug|Any CPU.Build.0 = Debug|Any CPU
		{C508144D-790D-4FB4-971C-8F90647EA0BA}.Release|Any CPU.ActiveCfg = Release|Any CPU
		{C508144D-790D-4FB4-971C-8F90647EA0BA}.Release|Any CPU.Build.0 = Release|Any CPU
		{EA2FA6F4-47E3-4518-A10E-E4194B93B555}.Debug|Any CPU.ActiveCfg = Debug|Any CPU
		{EA2FA6F4-47E3-4518-A10E-E4194B93B555}.Debug|Any CPU.Build.0 = Debug|Any CPU
		{EA2FA6F4-47E3-4518-A10E-E4194B93B555}.Release|Any CPU.ActiveCfg = Release|Any CPU
		{EA2FA6F4-47E3-4518-A10E-E4194B93B555}.Release|Any CPU.Build.0 = Release|Any CPU
		{C960434B-330B-4E99-B69A-96FD755394A9}.Debug|Any CPU.ActiveCfg = Debug|Any CPU
		{C960434B-330B-4E99-B69A-96FD755394A9}.Debug|Any CPU.Build.0 = Debug|Any CPU
		{C960434B-330B-4E99-B69A-96FD755394A9}.Release|Any CPU.ActiveCfg = Release|Any CPU
		{C960434B-330B-4E99-B69A-96FD755394A9}.Release|Any CPU.Build.0 = Release|Any CPU
	EndGlobalSection
	GlobalSection(SolutionProperties) = preSolution
		HideSolutionNode = FALSE
	EndGlobalSection
	GlobalSection(NestedProjects) = preSolution
		{312E5013-DB8B-4FC0-983A-D2058FF70DB4} = {6B57EDF5-82FE-498E-A051-2DD529582BF3}
		{0570CE3B-A405-49B3-B467-285D7FBB0896} = {6B57EDF5-82FE-498E-A051-2DD529582BF3}
		{BB1BF238-33CB-44E7-ACBA-1A06FCEE6A9C} = {6B57EDF5-82FE-498E-A051-2DD529582BF3}
		{466747F4-33BE-4777-9139-33FA4794B1B3} = {6B57EDF5-82FE-498E-A051-2DD529582BF3}
		{C508144D-790D-4FB4-971C-8F90647EA0BA} = {6B57EDF5-82FE-498E-A051-2DD529582BF3}
		{EA2FA6F4-47E3-4518-A10E-E4194B93B555} = {6B57EDF5-82FE-498E-A051-2DD529582BF3}
		{C960434B-330B-4E99-B69A-96FD755394A9} = {6B57EDF5-82FE-498E-A051-2DD529582BF3}
	EndGlobalSection
	GlobalSection(ExtensibilityGlobals) = postSolution
		SolutionGuid = {E196692F-80E6-40CE-B5ED-F052B4E696B1}
	EndGlobalSection
EndGlobal
